# generated by rye
# use `rye lock` or `rye sync` to update this lockfile
#
# last locked with the following flags:
#   pre: false
#   features: []
#   all-features: false
#   with-sources: false
#   generate-hashes: false
#   universal: false

-e file:.
albucore==0.0.20
    # via albumentations
albumentations==1.4.21
    # via dp1
annotated-types==0.7.0
    # via pydantic
certifi==2022.12.7
    # via requests
charset-normalizer==2.1.1
    # via requests
colorama==0.4.6
    # via tqdm
contourpy==1.3.0
    # via matplotlib
cycler==0.12.1
    # via matplotlib
eval-type-backport==0.2.0
    # via albumentations
filelock==3.13.1
    # via huggingface-hub
    # via torch
    # via transformers
fonttools==4.54.1
    # via matplotlib
fsspec==2024.2.0
    # via huggingface-hub
    # via torch
huggingface-hub==0.26.2
    # via tokenizers
    # via transformers
idna==3.4
    # via requests
jinja2==3.1.3
    # via torch
joblib==1.4.2
    # via scikit-learn
kiwisolver==1.4.7
    # via matplotlib
markupsafe==2.1.5
    # via jinja2
matplotlib==3.9.2
    # via seaborn
    # via ultralytics
mpmath==1.3.0
    # via sympy
networkx==3.2.1
    # via torch
numpy==1.26.3
    # via albucore
    # via albumentations
    # via contourpy
    # via matplotlib
    # via opencv-python
    # via opencv-python-headless
    # via pandas
    # via scikit-learn
    # via scipy
    # via seaborn
    # via torchvision
    # via transformers
    # via ultralytics
    # via ultralytics-thop
opencv-python==4.10.0.84
    # via ultralytics
opencv-python-headless==4.10.0.84
    # via albucore
    # via albumentations
packaging==24.1
    # via huggingface-hub
    # via matplotlib
    # via transformers
pandas==2.2.3
    # via dp1
    # via seaborn
    # via ultralytics
pillow==10.2.0
    # via matplotlib
    # via torchvision
    # via ultralytics
psutil==6.1.0
    # via ultralytics
py-cpuinfo==9.0.0
    # via ultralytics
pydantic==2.9.2
    # via albumentations
pydantic-core==2.23.4
    # via pydantic
pyparsing==3.2.0
    # via matplotlib
python-dateutil==2.9.0.post0
    # via matplotlib
    # via pandas
pytz==2024.2
    # via pandas
pyyaml==6.0.2
    # via albumentations
    # via huggingface-hub
    # via transformers
    # via ultralytics
regex==2024.11.6
    # via transformers
requests==2.28.1
    # via huggingface-hub
    # via transformers
    # via ultralytics
safetensors==0.4.5
    # via transformers
scikit-learn==1.5.2
    # via dp1
scipy==1.14.1
    # via albumentations
    # via scikit-learn
    # via ultralytics
seaborn==0.13.2
    # via ultralytics
simsimd==5.9.11
    # via albucore
six==1.16.0
    # via python-dateutil
stringzilla==3.10.7
    # via albucore
sympy==1.13.1
    # via torch
threadpoolctl==3.5.0
    # via scikit-learn
tokenizers==0.20.3
    # via transformers
torch==2.5.1+cu124
    # via torchvision
    # via ultralytics
    # via ultralytics-thop
torchvision==0.20.1+cu124
    # via ultralytics
tqdm==4.66.5
    # via huggingface-hub
    # via transformers
    # via ultralytics
transformers==4.46.2
    # via dp1
typing-extensions==4.9.0
    # via huggingface-hub
    # via pydantic
    # via pydantic-core
    # via torch
tzdata==2024.2
    # via pandas
ultralytics==8.3.28
    # via dp1
ultralytics-thop==2.0.10
    # via ultralytics
urllib3==1.26.13
    # via requests
