# generated by rye
# use `rye lock` or `rye sync` to update this lockfile
#
# last locked with the following flags:
#   pre: false
#   features: []
#   all-features: false
#   with-sources: false
#   generate-hashes: false
#   universal: false

-e file:.
certifi==2024.8.30
    # via requests
charset-normalizer==3.4.0
    # via requests
colorama==0.4.6
    # via tqdm
contourpy==1.3.0
    # via matplotlib
cycler==0.12.1
    # via matplotlib
filelock==3.16.1
    # via torch
fonttools==4.54.1
    # via matplotlib
fsspec==2024.10.0
    # via torch
idna==3.10
    # via requests
jinja2==3.1.4
    # via torch
kiwisolver==1.4.7
    # via matplotlib
markupsafe==3.0.2
    # via jinja2
matplotlib==3.9.2
    # via seaborn
    # via ultralytics
mpmath==1.3.0
    # via sympy
networkx==3.4.2
    # via torch
numpy==2.1.2
    # via contourpy
    # via matplotlib
    # via opencv-python
    # via pandas
    # via scipy
    # via seaborn
    # via torchvision
    # via ultralytics
    # via ultralytics-thop
opencv-python==4.10.0.84
    # via ultralytics
packaging==24.1
    # via matplotlib
pandas==2.2.3
    # via seaborn
    # via ultralytics
pillow==11.0.0
    # via matplotlib
    # via torchvision
    # via ultralytics
psutil==6.1.0
    # via ultralytics
py-cpuinfo==9.0.0
    # via ultralytics
pyparsing==3.2.0
    # via matplotlib
python-dateutil==2.9.0.post0
    # via matplotlib
    # via pandas
pytz==2024.2
    # via pandas
pyyaml==6.0.2
    # via ultralytics
requests==2.32.3
    # via ultralytics
scipy==1.14.1
    # via ultralytics
seaborn==0.13.2
    # via ultralytics
six==1.16.0
    # via python-dateutil
sympy==1.13.1
    # via torch
torch==2.5.1
    # via torchvision
    # via ultralytics
    # via ultralytics-thop
torchvision==0.20.1
    # via ultralytics
tqdm==4.66.6
    # via ultralytics
typing-extensions==4.12.2
    # via torch
tzdata==2024.2
    # via pandas
ultralytics==8.3.25
    # via dp1
ultralytics-thop==2.0.10
    # via ultralytics
urllib3==2.2.3
    # via requests
